
Microsoft Visual Studio Solution File, Format Version 12.00
# Visual Studio 14
VisualStudioVersion = 14.0.23107.0
MinimumVisualStudioVersion = 10.0.40219.1
Project("{FAE04EC0-301F-11D3-BF4B-00C04F79EFBC}") = "Tehtava1", "Tehtava1\Tehtava1.csproj", "{082F5F3A-0407-4B0A-84F1-947FB1EB08A6}"
EndProject
Project("{FAE04EC0-301F-11D3-BF4B-00C04F79EFBC}") = "Tehtava2", "Tehtava2\Tehtava2.csproj", "{221BB31D-9A3A-4C8B-98A0-7F76A8D4F229}"
EndProject
Project("{FAE04EC0-301F-11D3-BF4B-00C04F79EFBC}") = "Tehtava3", "Tehtava3\Tehtava3.csproj", "{04267FA5-AA8A-4E3B-8035-4330A9CFEA1C}"
EndProject
Project("{FAE04EC0-301F-11D3-BF4B-00C04F79EFBC}") = "Tehtava4", "Tehtava4\Tehtava4.csproj", "{509E56FD-2291-4393-8456-C4FE0E432532}"
EndProject
Project("{FAE04EC0-301F-11D3-BF4B-00C04F79EFBC}") = "ADODataReader", "ADODataReader\ADODataReader.csproj", "{8F37C161-5E9A-4A19-A46D-0DE6662E982B}"
EndProject
Project("{FAE04EC0-301F-11D3-BF4B-00C04F79EFBC}") = "Tehtava5", "Tehtava5\Tehtava5.csproj", "{7B5B9F99-3717-4D39-979D-CB6112DF6508}"
EndProject
Project("{FAE04EC0-301F-11D3-BF4B-00C04F79EFBC}") = "DemoJSON", "DemoJSON\DemoJSON.csproj", "{F1E6DB7E-DD29-4282-BE47-7B5D14AE776A}"
EndProject
Project("{FAE04EC0-301F-11D3-BF4B-00C04F79EFBC}") = "Tehtava7", "Tehtava7\Tehtava7.csproj", "{C26282A2-C11B-4EE4-8417-AB6F6C9EDDF0}"
EndProject
Project("{FAE04EC0-301F-11D3-BF4B-00C04F79EFBC}") = "Harkka", "Harkka\Harkka.csproj", "{621FEF70-4B23-44CE-8D2C-39905471E43F}"
EndProject
Project("{FAE04EC0-301F-11D3-BF4B-00C04F79EFBC}") = "T02WinLotto", "T02WinLotto\T02WinLotto.csproj", "{A557F18D-B99A-41EC-9D0E-D93C08F90D39}"
EndProject
Global
	GlobalSection(SolutionConfigurationPlatforms) = preSolution
		Debug|Any CPU = Debug|Any CPU
		Release|Any CPU = Release|Any CPU
	EndGlobalSection
	GlobalSection(ProjectConfigurationPlatforms) = postSolution
		{082F5F3A-0407-4B0A-84F1-947FB1EB08A6}.Debug|Any CPU.ActiveCfg = Debug|Any CPU
		{082F5F3A-0407-4B0A-84F1-947FB1EB08A6}.Debug|Any CPU.Build.0 = Debug|Any CPU
		{082F5F3A-0407-4B0A-84F1-947FB1EB08A6}.Release|Any CPU.ActiveCfg = Release|Any CPU
		{082F5F3A-0407-4B0A-84F1-947FB1EB08A6}.Release|Any CPU.Build.0 = Release|Any CPU
		{221BB31D-9A3A-4C8B-98A0-7F76A8D4F229}.Debug|Any CPU.ActiveCfg = Debug|Any CPU
		{221BB31D-9A3A-4C8B-98A0-7F76A8D4F229}.Debug|Any CPU.Build.0 = Debug|Any CPU
		{221BB31D-9A3A-4C8B-98A0-7F76A8D4F229}.Release|Any CPU.ActiveCfg = Release|Any CPU
		{221BB31D-9A3A-4C8B-98A0-7F76A8D4F229}.Release|Any CPU.Build.0 = Release|Any CPU
		{04267FA5-AA8A-4E3B-8035-4330A9CFEA1C}.Debug|Any CPU.ActiveCfg = Debug|Any CPU
		{04267FA5-AA8A-4E3B-8035-4330A9CFEA1C}.Debug|Any CPU.Build.0 = Debug|Any CPU
		{04267FA5-AA8A-4E3B-8035-4330A9CFEA1C}.Release|Any CPU.ActiveCfg = Release|Any CPU
		{04267FA5-AA8A-4E3B-8035-4330A9CFEA1C}.Release|Any CPU.Build.0 = Release|Any CPU
		{509E56FD-2291-4393-8456-C4FE0E432532}.Debug|Any CPU.ActiveCfg = Debug|Any CPU
		{509E56FD-2291-4393-8456-C4FE0E432532}.Debug|Any CPU.Build.0 = Debug|Any CPU
		{509E56FD-2291-4393-8456-C4FE0E432532}.Release|Any CPU.ActiveCfg = Release|Any CPU
		{509E56FD-2291-4393-8456-C4FE0E432532}.Release|Any CPU.Build.0 = Release|Any CPU
		{8F37C161-5E9A-4A19-A46D-0DE6662E982B}.Debug|Any CPU.ActiveCfg = Debug|Any CPU
		{8F37C161-5E9A-4A19-A46D-0DE6662E982B}.Debug|Any CPU.Build.0 = Debug|Any CPU
		{8F37C161-5E9A-4A19-A46D-0DE6662E982B}.Release|Any CPU.ActiveCfg = Release|Any CPU
		{8F37C161-5E9A-4A19-A46D-0DE6662E982B}.Release|Any CPU.Build.0 = Release|Any CPU
		{7B5B9F99-3717-4D39-979D-CB6112DF6508}.Debug|Any CPU.ActiveCfg = Debug|Any CPU
		{7B5B9F99-3717-4D39-979D-CB6112DF6508}.Debug|Any CPU.Build.0 = Debug|Any CPU
		{7B5B9F99-3717-4D39-979D-CB6112DF6508}.Release|Any CPU.ActiveCfg = Release|Any CPU
		{7B5B9F99-3717-4D39-979D-CB6112DF6508}.Release|Any CPU.Build.0 = Release|Any CPU
		{F1E6DB7E-DD29-4282-BE47-7B5D14AE776A}.Debug|Any CPU.ActiveCfg = Debug|Any CPU
		{F1E6DB7E-DD29-4282-BE47-7B5D14AE776A}.Debug|Any CPU.Build.0 = Debug|Any CPU
		{F1E6DB7E-DD29-4282-BE47-7B5D14AE776A}.Release|Any CPU.ActiveCfg = Release|Any CPU
		{F1E6DB7E-DD29-4282-BE47-7B5D14AE776A}.Release|Any CPU.Build.0 = Release|Any CPU
		{C26282A2-C11B-4EE4-8417-AB6F6C9EDDF0}.Debug|Any CPU.ActiveCfg = Debug|Any CPU
		{C26282A2-C11B-4EE4-8417-AB6F6C9EDDF0}.Debug|Any CPU.Build.0 = Debug|Any CPU
		{C26282A2-C11B-4EE4-8417-AB6F6C9EDDF0}.Release|Any CPU.ActiveCfg = Release|Any CPU
		{C26282A2-C11B-4EE4-8417-AB6F6C9EDDF0}.Release|Any CPU.Build.0 = Release|Any CPU
		{621FEF70-4B23-44CE-8D2C-39905471E43F}.Debug|Any CPU.ActiveCfg = Debug|Any CPU
		{621FEF70-4B23-44CE-8D2C-39905471E43F}.Debug|Any CPU.Build.0 = Debug|Any CPU
		{621FEF70-4B23-44CE-8D2C-39905471E43F}.Release|Any CPU.ActiveCfg = Release|Any CPU
		{621FEF70-4B23-44CE-8D2C-39905471E43F}.Release|Any CPU.Build.0 = Release|Any CPU
		{A557F18D-B99A-41EC-9D0E-D93C08F90D39}.Debug|Any CPU.ActiveCfg = Debug|Any CPU
		{A557F18D-B99A-41EC-9D0E-D93C08F90D39}.Debug|Any CPU.Build.0 = Debug|Any CPU
		{A557F18D-B99A-41EC-9D0E-D93C08F90D39}.Release|Any CPU.ActiveCfg = Release|Any CPU
		{A557F18D-B99A-41EC-9D0E-D93C08F90D39}.Release|Any CPU.Build.0 = Release|Any CPU
	EndGlobalSection
	GlobalSection(SolutionProperties) = preSolution
		HideSolutionNode = FALSE
	EndGlobalSection
EndGlobal
